
Microsoft Visual Studio Solution File, Format Version 12.00
# Visual Studio Version 16
VisualStudioVersion = 16.0.29215.179
MinimumVisualStudioVersion = 10.0.40219.1
Project("{FAE04EC0-301F-11D3-BF4B-00C04F79EFBC}") = "ZXC", "ZXC\ZXC.csproj", "{4B18CBED-92C3-4E62-846D-E42141F3B07F}"
EndProject
Global
	GlobalSection(SolutionConfigurationPlatforms) = preSolution
		Debug|Any CPU = Debug|Any CPU
		Release|Any CPU = Release|Any CPU
	EndGlobalSection
	GlobalSection(ProjectConfigurationPlatforms) = postSolution
		{4B18CBED-92C3-4E62-846D-E42141F3B07F}.Debug|Any CPU.ActiveCfg = Debug|Any CPU
		{4B18CBED-92C3-4E62-846D-E42141F3B07F}.Debug|Any CPU.Build.0 = Debug|Any CPU
		{4B18CBED-92C3-4E62-846D-E42141F3B07F}.Release|Any CPU.ActiveCfg = Release|Any CPU
		{4B18CBED-92C3-4E62-846D-E42141F3B07F}.Release|Any CPU.Build.0 = Release|Any CPU
	EndGlobalSection
	GlobalSection(SolutionProperties) = preSolution
		HideSolutionNode = FALSE
	EndGlobalSection
	GlobalSection(ExtensibilityGlobals) = postSolution
		SolutionGuid = {136C98E4-F588-48A2-8A60-A052943170FD}
	EndGlobalSection
EndGlobal
